
Microsoft Visual Studio Solution File, Format Version 12.00
# Visual Studio Version 16
VisualStudioVersion = 16.0.30114.105
MinimumVisualStudioVersion = 10.0.40219.1
Project("{FAE04EC0-301F-11D3-BF4B-00C04F79EFBC}") = "CloudCustomers.API", "CloudCustomers.API\CloudCustomers.API.csproj", "{ACDDE1D9-FF94-4744-9F4F-CD6A483FC2CC}"
EndProject
Project("{FAE04EC0-301F-11D3-BF4B-00C04F79EFBC}") = "CloudCustomers.UnitTests", "CloudCustomers.UnitTests\CloudCustomers.UnitTests.csproj", "{82D87F77-42CB-4979-897D-8ABEF2D8DE19}"
EndProject
Global
	GlobalSection(SolutionConfigurationPlatforms) = preSolution
		Debug|Any CPU = Debug|Any CPU
		Release|Any CPU = Release|Any CPU
	EndGlobalSection
	GlobalSection(SolutionProperties) = preSolution
		HideSolutionNode = FALSE
	EndGlobalSection
	GlobalSection(ProjectConfigurationPlatforms) = postSolution
		{ACDDE1D9-FF94-4744-9F4F-CD6A483FC2CC}.Debug|Any CPU.ActiveCfg = Debug|Any CPU
		{ACDDE1D9-FF94-4744-9F4F-CD6A483FC2CC}.Debug|Any CPU.Build.0 = Debug|Any CPU
		{ACDDE1D9-FF94-4744-9F4F-CD6A483FC2CC}.Release|Any CPU.ActiveCfg = Release|Any CPU
		{ACDDE1D9-FF94-4744-9F4F-CD6A483FC2CC}.Release|Any CPU.Build.0 = Release|Any CPU
		{82D87F77-42CB-4979-897D-8ABEF2D8DE19}.Debug|Any CPU.ActiveCfg = Debug|Any CPU
		{82D87F77-42CB-4979-897D-8ABEF2D8DE19}.Debug|Any CPU.Build.0 = Debug|Any CPU
		{82D87F77-42CB-4979-897D-8ABEF2D8DE19}.Release|Any CPU.ActiveCfg = Release|Any CPU
		{82D87F77-42CB-4979-897D-8ABEF2D8DE19}.Release|Any CPU.Build.0 = Release|Any CPU
	EndGlobalSection
EndGlobal
